
Microsoft Visual Studio Solution File, Format Version 12.00
# Visual Studio 15
VisualStudioVersion = 15.0.27004.2009
MinimumVisualStudioVersion = 10.0.40219.1
Project("{888888A0-9F3D-457C-B088-3A5042F75D52}") = "PythonMLTest", "PythonMLTest\PythonMLTest.pyproj", "{CED760B9-2C39-4EE5-80A6-4AB3A55C15B2}"
EndProject
Project("{888888A0-9F3D-457C-B088-3A5042F75D52}") = "SelfScanFraud", "SelfScanFraud\SelfScanFraud.pyproj", "{B3F2CEF7-52BB-4A35-A339-95250997860D}"
EndProject
Project("{888888A0-9F3D-457C-B088-3A5042F75D52}") = "FraudBase", "FraudBase\FraudBase.pyproj", "{1FDF14E9-A156-43E8-9755-FB81240E80CA}"
EndProject
Project("{888888A0-9F3D-457C-B088-3A5042F75D52}") = "FraudDetector", "FraudDetector\FraudDetector.pyproj", "{775D209A-CF16-4738-8B68-11D68142BE22}"
EndProject
Project("{888888A0-9F3D-457C-B088-3A5042F75D52}") = "FraudDetectorAllPrecision", "FraudDetectorAllPrecision\FraudDetectorAllPrecision.pyproj", "{F90BD35B-8CC0-441F-BC65-2259DC17C731}"
EndProject
Global
	GlobalSection(SolutionConfigurationPlatforms) = preSolution
		Debug|Any CPU = Debug|Any CPU
		Release|Any CPU = Release|Any CPU
	EndGlobalSection
	GlobalSection(ProjectConfigurationPlatforms) = postSolution
		{CED760B9-2C39-4EE5-80A6-4AB3A55C15B2}.Debug|Any CPU.ActiveCfg = Debug|Any CPU
		{CED760B9-2C39-4EE5-80A6-4AB3A55C15B2}.Release|Any CPU.ActiveCfg = Release|Any CPU
		{B3F2CEF7-52BB-4A35-A339-95250997860D}.Debug|Any CPU.ActiveCfg = Debug|Any CPU
		{B3F2CEF7-52BB-4A35-A339-95250997860D}.Release|Any CPU.ActiveCfg = Release|Any CPU
		{1FDF14E9-A156-43E8-9755-FB81240E80CA}.Debug|Any CPU.ActiveCfg = Debug|Any CPU
		{1FDF14E9-A156-43E8-9755-FB81240E80CA}.Release|Any CPU.ActiveCfg = Release|Any CPU
		{775D209A-CF16-4738-8B68-11D68142BE22}.Debug|Any CPU.ActiveCfg = Debug|Any CPU
		{775D209A-CF16-4738-8B68-11D68142BE22}.Release|Any CPU.ActiveCfg = Release|Any CPU
		{F90BD35B-8CC0-441F-BC65-2259DC17C731}.Debug|Any CPU.ActiveCfg = Debug|Any CPU
		{F90BD35B-8CC0-441F-BC65-2259DC17C731}.Release|Any CPU.ActiveCfg = Release|Any CPU
	EndGlobalSection
	GlobalSection(SolutionProperties) = preSolution
		HideSolutionNode = FALSE
	EndGlobalSection
	GlobalSection(ExtensibilityGlobals) = postSolution
		SolutionGuid = {3BED4153-401F-408C-81CF-531C35D7B6D9}
	EndGlobalSection
EndGlobal
